{
  "version": 4,
  "terraform_version": "0.13.2",
  "serial": 12,
  "lineage": "3ff24619-35ba-1cf0-c4b8-e6743688ff65",
  "outputs": {
    "tls_private_key": {
      "value": "-----BEGIN RSA PRIVATE KEY-----\nMIIJKgIBAAKCAgEAwvnPZFruxA6ySaLyaYsIPrdyfLiPGoDTsBWIk+AcRe5tJode\npzacxKc7MKsCGC6QxVHTkE/d/k+lXGdwBQmcFRGwv6KZHNJBiW3mrxWGfHJyDeZm\nj2kirKRwkn6anJKoaMemBgSrJgfCnVX+OpfGR4N93ezqygaNo98j1ry8/qcRJQ99\nyr5Xg5DcXQur43wlWTCZvt3nUvjVw8mSIM5j4DMLKK34XOQsooWMbAeyjY1FYLeW\ngfQfl3FsVn+Jd3XO3YVTKcnuyS1q0yxE0cK/LVXh3tgOIG7zJTOFM2LGth+syEhB\nh8F6pcHwmtrhhj1fChXoy8rdFnKyrZ02kJwcvLvT/88Ksqvt1CD6s4a3uV9MGu3u\nZYU8Knptwc6cdZ+Skhjp9ncOODJLw9zgMjYTa0BiUrDPj0Hk+rFoj7oCl7fT4rck\nm5EQDmXhLqnrEpovXTj7TobbcCtChItrkgWVznIz75uNrQLMOO8LqRx4lbCDazy2\n8qP1s3P17FJOMp1wKcVzoW/QvqwrUE61WNHmade2Pnhr9jAOaPE2/zZ4Pb7tOLmh\nQTbSKzR6tF7kLLXGwI3aAosaTIN3FrDd0RT2gf/k4DTu9MNwNwafjGLxriTLXlx+\nIL06AwnHbYhlzGxShsbKpZRKEzWpmyd6eCFkaiuIwcOPCeiVHLvoHHi+6hECAwEA\nAQKCAgASx0yaNcfZSjERtofyclmQ8MouCPh/bPj2dJx64ZLXiWcp1s/e+vuOVSz2\nOwIwogt/daoStB6FZ9ZdV/kKAyrtPI7xZg+pHvcA7XzSUBhr0/n4LMCj/1Q/nHbb\nJSZu/hEKRnBPFBQHzaeIz8d0jTmjmZ59yVuzqX3q0or5G6R4Qk78asmKxVpYaZNP\nwtgDSOmv9WZZY7Xr39t2x+szDa3A4imo+Vh6Wd+Sp5omrXcc+wY7knMEgSapx1rP\n2ei7gLUz0Kt50uEUrzMis5jNOxx+mU7vz49MwGLaqmOh11mcIODbSVpGYPQXEt7B\ni2M9Mpv8tK9/MUKp7tIWtpWSx/Zca/Y9VEP/0c7zMdO1XwsNrhZLfB+aSiZg2agt\ndyxtDt0HlxQW3ESZf1f2bpJsqP2ihihE3CSfYXcVQyTz+XiT2pvT5qBxvyq7q9C3\naKqC/+vS50Id6EkGOkyrqne36zHgpuS9SAtSoSVfOwH08fei2CUrQSjJ2cAF2Omg\nm19B/DPgJ1IGiwK4jZIbMRkxVOaBj60ucekmdrG9DNI8uU9n//sYnsvdb1vYNjUi\nDHoqlI6i7qHgsn/6eAn8j5l+33/4zhMqRpuljsgU2/aLv2HCqYCiDUwB37O/QRCa\nxP9icDUor4Oiek2k1PsFLj7yLDfuiLrNDasvC+p8o0RV41faAQKCAQEA77pf2/nB\nzg9PwCjRbyYqJzx2W50dh1JWDBFzwbfYic8OCS6ZOouGrYjmjdCn5Ri8Igxv4pCu\nLB0YXsAtibFF4JM+LRL8oTnYnCysTMeuqi0I2hwhMvlRcx2YoTtq1NTcOf0r1oKq\npwV6BkUpqX7YMBzDtT7+BiDufA2eTYF0j72pJCsgRXEV2S1JlMYgbSZ0tVuM35Qn\n4ksjuiWPXYx5FiVSg1TSEqFMDBqoVBiNhAMozfQzl3EsH4ac49cm2I+xf/UPo3jV\n6mIja5I+GRCOOzj39xe7LjGI9PFeRmoaBP4hrwU0XprulPlDw/r0zMZZTtSxh5xU\nYZ6sWTgN8jsyiQKCAQEA0DXM8rAV8bYUu2OZTRZlpEUdf1+fM2wkP0Wg0HdsSEuH\nI7MDBYlF9kNw/4hu7E2ahgzCgUnEnCuLmfMLnxlL3w1wM5X8ZcJNiE94kuvCQdIx\n2km3IFZWZFDObHv68g9PTwgyip2Oq0TyKKVnmrLQATYr+in2ddit5MkYR6Tw2oTm\ntKma6w1tHImDg5JTZrQDzwTJpN1OeOhueujRCrhzPo5x+mpv++fipMBm03dM1T5C\nhuwAF6YBPcvzFcjBO3me77cFDxy5hHdg/Oa05wUOlWcaO0x5M06aVRXSrkQTHBIr\nJjJhZQzyjeBGJA+Oju9k3uui3yR8IlFEBoBQZ3U5SQKCAQEAisfmfr6UB+qtTJ1U\nwXfip1xFWLwYQCLWVZ402UzJOt53TbGAW3gyu3upnSfSSrqLD1sL2qnPaxJc7V1r\n/250+ZHESOvY/K00TRU/miNvZm0z1rC6N3xGPtI/bfer3RJte9So8EIs8QwmnEKl\n383i8dd1JRQWkw21gnOP1WbASAaQSLP+trTE5Tlmg44/b3D315Xsc/KdNFAzmqvr\n10hfQQbSQd10z/w4vjkgga7FHkuF79UTmPSXipivcuc3Qd/N7jm8l/J4RHwT7U54\nTKJc9MQCKTW/0voyQzsITNNXxNQqQ9xLeQlQXUYAiRBbb8DUKuLO86b44pqtQ+lD\niZvjoQKCAQEAmkv0eLkDWh/cV04lElqRsl3B0V3UhfATIIyB81s89Ip8OHl1uMmU\n/j3WZJf/08Bizgpwrg0z1aPzjX/u0dWWQ1MbHi99Xw/SEz0Jlp9+UvbpGOJeAmnZ\nFfhIMV7jhjTQSjpB8jV2v/eVGYgSMjNnMC6sAnTMf2K244AfLSDPmLC6o5G5C43k\nmSxTONLcWZT36Zebs0CJ4dIl5ZHZMH+mb+pyDuiH2n9qlzs6OGYFm1XLSV9lZiEQ\ndHJKz475nBCyNuVDq4JW/RLW3jQ+RaGawB8q8lzmyJ3sgzdr7Nbn7nqMXX8ibBdf\nPMLCWADrXYONFiI7je/kyi29IrA+ZZ0aeQKCAQEAnYlX9UXs//MGT+sIBxHRIjC8\nNRhQA+yiWwDXM/BiR5VSYcl6Ysqsdw88Dd7VsF4guc4/q1dVeqfMozU5kZmQG8Wu\ny77TfxpJYSmZoFIjNeEuUXig4vujLiQb664QmvH3JarYCK6ACHIWqD5mXDxKlP3k\nnz5I0FlxvmQcPa8z3wp8cz8SLsyjfkIGRqreKN37+zGWlWxyqgALZgqkCh7KwOrt\nE8pgMLpwFoj3bE1EoucmikVKID/enG6mJPnWcPAUJgAf0kGIip+Oe86s4EveWmw1\nDBT8NAHuw1fYa0aLwrNPSjRBKiPmV5iMibpuh6gLuaCSUoL95S9NJRQaiQQXcQ==\n-----END RSA PRIVATE KEY-----\n",
      "type": "string"
    }
  },
  "resources": [
    {
      "mode": "managed",
      "type": "azurerm_linux_virtual_machine",
      "name": "myterraformvm",
      "provider": "provider[\"registry.terraform.io/hashicorp/azurerm\"]",
      "instances": [
        {
          "schema_version": 0,
          "attributes": {
            "additional_capabilities": [],
            "admin_password": null,
            "admin_ssh_key": [
              {
                "public_key": "ssh-rsa AAAAB3NzaC1yc2EAAAADAQABAAACAQDC+c9kWu7EDrJJovJpiwg+t3J8uI8agNOwFYiT4BxF7m0mh16nNpzEpzswqwIYLpDFUdOQT93+T6VcZ3AFCZwVEbC/opkc0kGJbeavFYZ8cnIN5maPaSKspHCSfpqckqhox6YGBKsmB8KdVf46l8ZHg33d7OrKBo2j3yPWvLz+pxElD33KvleDkNxdC6vjfCVZMJm+3edS+NXDyZIgzmPgMwsorfhc5CyihYxsB7KNjUVgt5aB9B+XcWxWf4l3dc7dhVMpye7JLWrTLETRwr8tVeHe2A4gbvMlM4UzYsa2H6zISEGHwXqlwfCa2uGGPV8KFejLyt0WcrKtnTaQnBy8u9P/zwqyq+3UIPqzhre5X0wa7e5lhTwqem3Bzpx1n5KSGOn2dw44MkvD3OAyNhNrQGJSsM+PQeT6sWiPugKXt9PitySbkRAOZeEuqesSmi9dOPtOhttwK0KEi2uSBZXOcjPvm42tAsw47wupHHiVsINrPLbyo/Wzc/XsUk4ynXApxXOhb9C+rCtQTrVY0eZp17Y+eGv2MA5o8Tb/Nng9vu04uaFBNtIrNHq0XuQstcbAjdoCixpMg3cWsN3RFPaB/+TgNO70w3A3Bp+MYvGuJMteXH4gvToDCcdtiGXMbFKGxsqllEoTNambJ3p4IWRqK4jBw48J6JUcu+gceL7qEQ==\n",
                "username": "azureuser"
              }
            ],
            "admin_username": "azureuser",
            "allow_extension_operations": true,
            "availability_set_id": "",
            "boot_diagnostics": [
              {
                "storage_account_uri": "https://diag847cef458d67ee3d.blob.core.windows.net/"
              }
            ],
            "computer_name": "myvm",
            "custom_data": null,
            "dedicated_host_id": "",
            "disable_password_authentication": true,
            "encryption_at_host_enabled": false,
            "eviction_policy": "",
            "id": "/subscriptions/82fb23d9-1348-46f9-8c9d-e698c0665a22/resourceGroups/myResourceGroup/providers/Microsoft.Compute/virtualMachines/myVM",
            "identity": [],
            "location": "eastus",
            "max_bid_price": -1,
            "name": "myVM",
            "network_interface_ids": [
              "/subscriptions/82fb23d9-1348-46f9-8c9d-e698c0665a22/resourceGroups/myResourceGroup/providers/Microsoft.Network/networkInterfaces/myNIC"
            ],
            "os_disk": [
              {
                "caching": "ReadWrite",
                "diff_disk_settings": [],
                "disk_encryption_set_id": "",
                "disk_size_gb": 30,
                "name": "myOsDisk",
                "storage_account_type": "Premium_LRS",
                "write_accelerator_enabled": false
              }
            ],
            "plan": [],
            "priority": "Regular",
            "private_ip_address": "10.0.1.4",
            "private_ip_addresses": [
              "10.0.1.4"
            ],
            "provision_vm_agent": true,
            "proximity_placement_group_id": "",
            "public_ip_address": "40.121.203.238",
            "public_ip_addresses": [
              "40.121.203.238"
            ],
            "resource_group_name": "myResourceGroup",
            "secret": [],
            "size": "Standard_DS1_v2",
            "source_image_id": "",
            "source_image_reference": [
              {
                "offer": "UbuntuServer",
                "publisher": "Canonical",
                "sku": "16.04.0-LTS",
                "version": "latest"
              }
            ],
            "tags": {
              "environment": "Terraform Demo"
            },
            "timeouts": null,
            "virtual_machine_id": "bd6f02ec-3b2a-45a4-9755-c39eb95fff5e",
            "virtual_machine_scale_set_id": "",
            "zone": ""
          },
          "private": "eyJlMmJmYjczMC1lY2FhLTExZTYtOGY4OC0zNDM2M2JjN2M0YzAiOnsiY3JlYXRlIjoyNzAwMDAwMDAwMDAwLCJkZWxldGUiOjI3MDAwMDAwMDAwMDAsInJlYWQiOjMwMDAwMDAwMDAwMCwidXBkYXRlIjoyNzAwMDAwMDAwMDAwfX0=",
          "dependencies": [
            "azurerm_network_interface.myterraformnic",
            "azurerm_public_ip.myterraformpublicip",
            "azurerm_resource_group.myterraformgroup",
            "azurerm_storage_account.mystorageaccount",
            "azurerm_subnet.myterraformsubnet",
            "azurerm_virtual_network.myterraformnetwork",
            "random_id.randomId",
            "tls_private_key.example_ssh"
          ]
        }
      ]
    },
    {
      "mode": "managed",
      "type": "azurerm_network_interface",
      "name": "myterraformnic",
      "provider": "provider[\"registry.terraform.io/hashicorp/azurerm\"]",
      "instances": [
        {
          "schema_version": 0,
          "attributes": {
            "applied_dns_servers": [],
            "dns_servers": [],
            "enable_accelerated_networking": false,
            "enable_ip_forwarding": false,
            "id": "/subscriptions/82fb23d9-1348-46f9-8c9d-e698c0665a22/resourceGroups/myResourceGroup/providers/Microsoft.Network/networkInterfaces/myNIC",
            "internal_dns_name_label": "",
            "internal_domain_name_suffix": "oqfa2fnztpqe1ckv2taal3sb5f.bx.internal.cloudapp.net",
            "ip_configuration": [
              {
                "name": "myNicConfiguration",
                "primary": true,
                "private_ip_address": "10.0.1.4",
                "private_ip_address_allocation": "Dynamic",
                "private_ip_address_version": "IPv4",
                "public_ip_address_id": "/subscriptions/82fb23d9-1348-46f9-8c9d-e698c0665a22/resourceGroups/myResourceGroup/providers/Microsoft.Network/publicIPAddresses/myPublicIP",
                "subnet_id": "/subscriptions/82fb23d9-1348-46f9-8c9d-e698c0665a22/resourceGroups/myResourceGroup/providers/Microsoft.Network/virtualNetworks/myVnet/subnets/mySubnet"
              }
            ],
            "location": "eastus",
            "mac_address": "",
            "name": "myNIC",
            "private_ip_address": "10.0.1.4",
            "private_ip_addresses": [
              "10.0.1.4"
            ],
            "resource_group_name": "myResourceGroup",
            "tags": {
              "environment": "Terraform Demo"
            },
            "timeouts": null,
            "virtual_machine_id": ""
          },
          "private": "eyJlMmJmYjczMC1lY2FhLTExZTYtOGY4OC0zNDM2M2JjN2M0YzAiOnsiY3JlYXRlIjoxODAwMDAwMDAwMDAwLCJkZWxldGUiOjE4MDAwMDAwMDAwMDAsInJlYWQiOjMwMDAwMDAwMDAwMCwidXBkYXRlIjoxODAwMDAwMDAwMDAwfX0=",
          "dependencies": [
            "azurerm_public_ip.myterraformpublicip",
            "azurerm_resource_group.myterraformgroup",
            "azurerm_subnet.myterraformsubnet",
            "azurerm_virtual_network.myterraformnetwork"
          ]
        }
      ]
    },
    {
      "mode": "managed",
      "type": "azurerm_network_interface_security_group_association",
      "name": "example",
      "provider": "provider[\"registry.terraform.io/hashicorp/azurerm\"]",
      "instances": [
        {
          "schema_version": 0,
          "attributes": {
            "id": "/subscriptions/82fb23d9-1348-46f9-8c9d-e698c0665a22/resourceGroups/myResourceGroup/providers/Microsoft.Network/networkInterfaces/myNIC|/subscriptions/82fb23d9-1348-46f9-8c9d-e698c0665a22/resourceGroups/myResourceGroup/providers/Microsoft.Network/networkSecurityGroups/myNetworkSecurityGroup",
            "network_interface_id": "/subscriptions/82fb23d9-1348-46f9-8c9d-e698c0665a22/resourceGroups/myResourceGroup/providers/Microsoft.Network/networkInterfaces/myNIC",
            "network_security_group_id": "/subscriptions/82fb23d9-1348-46f9-8c9d-e698c0665a22/resourceGroups/myResourceGroup/providers/Microsoft.Network/networkSecurityGroups/myNetworkSecurityGroup",
            "timeouts": null
          },
          "private": "eyJlMmJmYjczMC1lY2FhLTExZTYtOGY4OC0zNDM2M2JjN2M0YzAiOnsiY3JlYXRlIjoxODAwMDAwMDAwMDAwLCJkZWxldGUiOjE4MDAwMDAwMDAwMDAsInJlYWQiOjMwMDAwMDAwMDAwMCwidXBkYXRlIjoxODAwMDAwMDAwMDAwfX0=",
          "dependencies": [
            "azurerm_network_interface.myterraformnic",
            "azurerm_network_security_group.myterraformnsg",
            "azurerm_public_ip.myterraformpublicip",
            "azurerm_resource_group.myterraformgroup",
            "azurerm_subnet.myterraformsubnet",
            "azurerm_virtual_network.myterraformnetwork"
          ]
        }
      ]
    },
    {
      "mode": "managed",
      "type": "azurerm_network_security_group",
      "name": "myterraformnsg",
      "provider": "provider[\"registry.terraform.io/hashicorp/azurerm\"]",
      "instances": [
        {
          "schema_version": 0,
          "attributes": {
            "id": "/subscriptions/82fb23d9-1348-46f9-8c9d-e698c0665a22/resourceGroups/myResourceGroup/providers/Microsoft.Network/networkSecurityGroups/myNetworkSecurityGroup",
            "location": "eastus",
            "name": "myNetworkSecurityGroup",
            "resource_group_name": "myResourceGroup",
            "security_rule": [
              {
                "access": "Allow",
                "description": "",
                "destination_address_prefix": "*",
                "destination_address_prefixes": [],
                "destination_application_security_group_ids": [],
                "destination_port_range": "22",
                "destination_port_ranges": [],
                "direction": "Inbound",
                "name": "SSH",
                "priority": 1001,
                "protocol": "Tcp",
                "source_address_prefix": "*",
                "source_address_prefixes": [],
                "source_application_security_group_ids": [],
                "source_port_range": "*",
                "source_port_ranges": []
              }
            ],
            "tags": {
              "environment": "Terraform Demo"
            },
            "timeouts": null
          },
          "private": "eyJlMmJmYjczMC1lY2FhLTExZTYtOGY4OC0zNDM2M2JjN2M0YzAiOnsiY3JlYXRlIjoxODAwMDAwMDAwMDAwLCJkZWxldGUiOjE4MDAwMDAwMDAwMDAsInJlYWQiOjMwMDAwMDAwMDAwMCwidXBkYXRlIjoxODAwMDAwMDAwMDAwfX0=",
          "dependencies": [
            "azurerm_resource_group.myterraformgroup"
          ]
        }
      ]
    },
    {
      "mode": "managed",
      "type": "azurerm_public_ip",
      "name": "myterraformpublicip",
      "provider": "provider[\"registry.terraform.io/hashicorp/azurerm\"]",
      "instances": [
        {
          "schema_version": 0,
          "attributes": {
            "allocation_method": "Dynamic",
            "domain_name_label": null,
            "fqdn": null,
            "id": "/subscriptions/82fb23d9-1348-46f9-8c9d-e698c0665a22/resourceGroups/myResourceGroup/providers/Microsoft.Network/publicIPAddresses/myPublicIP",
            "idle_timeout_in_minutes": 4,
            "ip_address": "",
            "ip_version": "IPv4",
            "location": "eastus",
            "name": "myPublicIP",
            "public_ip_prefix_id": null,
            "resource_group_name": "myResourceGroup",
            "reverse_fqdn": null,
            "sku": "Basic",
            "tags": {
              "environment": "Terraform Demo"
            },
            "timeouts": null,
            "zones": null
          },
          "private": "eyJlMmJmYjczMC1lY2FhLTExZTYtOGY4OC0zNDM2M2JjN2M0YzAiOnsiY3JlYXRlIjoxODAwMDAwMDAwMDAwLCJkZWxldGUiOjE4MDAwMDAwMDAwMDAsInJlYWQiOjMwMDAwMDAwMDAwMCwidXBkYXRlIjoxODAwMDAwMDAwMDAwfX0=",
          "dependencies": [
            "azurerm_resource_group.myterraformgroup"
          ]
        }
      ]
    },
    {
      "mode": "managed",
      "type": "azurerm_resource_group",
      "name": "myterraformgroup",
      "provider": "provider[\"registry.terraform.io/hashicorp/azurerm\"]",
      "instances": [
        {
          "schema_version": 0,
          "attributes": {
            "id": "/subscriptions/82fb23d9-1348-46f9-8c9d-e698c0665a22/resourceGroups/myResourceGroup",
            "location": "eastus",
            "name": "myResourceGroup",
            "tags": {
              "environment": "Terraform Demo"
            },
            "timeouts": null
          },
          "private": "eyJlMmJmYjczMC1lY2FhLTExZTYtOGY4OC0zNDM2M2JjN2M0YzAiOnsiY3JlYXRlIjo1NDAwMDAwMDAwMDAwLCJkZWxldGUiOjU0MDAwMDAwMDAwMDAsInJlYWQiOjMwMDAwMDAwMDAwMCwidXBkYXRlIjo1NDAwMDAwMDAwMDAwfX0="
        }
      ]
    },
    {
      "mode": "managed",
      "type": "azurerm_storage_account",
      "name": "mystorageaccount",
      "provider": "provider[\"registry.terraform.io/hashicorp/azurerm\"]",
      "instances": [
        {
          "schema_version": 2,
          "attributes": {
            "access_tier": "Hot",
            "account_kind": "StorageV2",
            "account_replication_type": "LRS",
            "account_tier": "Standard",
            "allow_blob_public_access": false,
            "blob_properties": [],
            "custom_domain": [],
            "enable_https_traffic_only": true,
            "id": "/subscriptions/82fb23d9-1348-46f9-8c9d-e698c0665a22/resourceGroups/myResourceGroup/providers/Microsoft.Storage/storageAccounts/diag847cef458d67ee3d",
            "identity": [],
            "is_hns_enabled": false,
            "location": "eastus",
            "min_tls_version": "TLS1_0",
            "name": "diag847cef458d67ee3d",
            "network_rules": [
              {
                "bypass": [
                  "AzureServices"
                ],
                "default_action": "Allow",
                "ip_rules": [],
                "virtual_network_subnet_ids": []
              }
            ],
            "primary_access_key": "5S3T5GwL9EecCmrzO31ZX4alNpAg2KU1K5Rob0tVjjMRnunR7XRWXH+mN5vqG6EIZnKkL+j1nISPu3UwlLmsOA==",
            "primary_blob_connection_string": "DefaultEndpointsProtocol=https;BlobEndpoint=https://diag847cef458d67ee3d.blob.core.windows.net/;AccountName=diag847cef458d67ee3d;AccountKey=5S3T5GwL9EecCmrzO31ZX4alNpAg2KU1K5Rob0tVjjMRnunR7XRWXH+mN5vqG6EIZnKkL+j1nISPu3UwlLmsOA==",
            "primary_blob_endpoint": "https://diag847cef458d67ee3d.blob.core.windows.net/",
            "primary_blob_host": "diag847cef458d67ee3d.blob.core.windows.net",
            "primary_connection_string": "DefaultEndpointsProtocol=https;AccountName=diag847cef458d67ee3d;AccountKey=5S3T5GwL9EecCmrzO31ZX4alNpAg2KU1K5Rob0tVjjMRnunR7XRWXH+mN5vqG6EIZnKkL+j1nISPu3UwlLmsOA==;EndpointSuffix=core.windows.net",
            "primary_dfs_endpoint": "https://diag847cef458d67ee3d.dfs.core.windows.net/",
            "primary_dfs_host": "diag847cef458d67ee3d.dfs.core.windows.net",
            "primary_file_endpoint": "https://diag847cef458d67ee3d.file.core.windows.net/",
            "primary_file_host": "diag847cef458d67ee3d.file.core.windows.net",
            "primary_location": "eastus",
            "primary_queue_endpoint": "https://diag847cef458d67ee3d.queue.core.windows.net/",
            "primary_queue_host": "diag847cef458d67ee3d.queue.core.windows.net",
            "primary_table_endpoint": "https://diag847cef458d67ee3d.table.core.windows.net/",
            "primary_table_host": "diag847cef458d67ee3d.table.core.windows.net",
            "primary_web_endpoint": "https://diag847cef458d67ee3d.z13.web.core.windows.net/",
            "primary_web_host": "diag847cef458d67ee3d.z13.web.core.windows.net",
            "queue_properties": [
              {
                "cors_rule": [],
                "hour_metrics": [
                  {
                    "enabled": true,
                    "include_apis": true,
                    "retention_policy_days": 7,
                    "version": "1.0"
                  }
                ],
                "logging": [
                  {
                    "delete": false,
                    "read": false,
                    "retention_policy_days": 0,
                    "version": "1.0",
                    "write": false
                  }
                ],
                "minute_metrics": [
                  {
                    "enabled": false,
                    "include_apis": false,
                    "retention_policy_days": 0,
                    "version": "1.0"
                  }
                ]
              }
            ],
            "resource_group_name": "myResourceGroup",
            "secondary_access_key": "2hOJ/l+IflPF69geArwoxMQT6wULgHmd3Gyuc4NkcAeueaUB3NVSaepRZfWVn24JheicVDOY2JdGfW51b4dq2g==",
            "secondary_blob_connection_string": "",
            "secondary_blob_endpoint": null,
            "secondary_blob_host": null,
            "secondary_connection_string": "DefaultEndpointsProtocol=https;AccountName=diag847cef458d67ee3d;AccountKey=2hOJ/l+IflPF69geArwoxMQT6wULgHmd3Gyuc4NkcAeueaUB3NVSaepRZfWVn24JheicVDOY2JdGfW51b4dq2g==;EndpointSuffix=core.windows.net",
            "secondary_dfs_endpoint": null,
            "secondary_dfs_host": null,
            "secondary_file_endpoint": null,
            "secondary_file_host": null,
            "secondary_location": "",
            "secondary_queue_endpoint": null,
            "secondary_queue_host": null,
            "secondary_table_endpoint": null,
            "secondary_table_host": null,
            "secondary_web_endpoint": null,
            "secondary_web_host": null,
            "static_website": [],
            "tags": {
              "environment": "Terraform Demo"
            },
            "timeouts": null
          },
          "private": "eyJlMmJmYjczMC1lY2FhLTExZTYtOGY4OC0zNDM2M2JjN2M0YzAiOnsiY3JlYXRlIjozNjAwMDAwMDAwMDAwLCJkZWxldGUiOjM2MDAwMDAwMDAwMDAsInJlYWQiOjMwMDAwMDAwMDAwMCwidXBkYXRlIjozNjAwMDAwMDAwMDAwfSwic2NoZW1hX3ZlcnNpb24iOiIyIn0=",
          "dependencies": [
            "azurerm_resource_group.myterraformgroup",
            "random_id.randomId"
          ]
        }
      ]
    },
    {
      "mode": "managed",
      "type": "azurerm_subnet",
      "name": "myterraformsubnet",
      "provider": "provider[\"registry.terraform.io/hashicorp/azurerm\"]",
      "instances": [
        {
          "schema_version": 0,
          "attributes": {
            "address_prefix": "10.0.1.0/24",
            "address_prefixes": [
              "10.0.1.0/24"
            ],
            "delegation": [],
            "enforce_private_link_endpoint_network_policies": false,
            "enforce_private_link_service_network_policies": false,
            "id": "/subscriptions/82fb23d9-1348-46f9-8c9d-e698c0665a22/resourceGroups/myResourceGroup/providers/Microsoft.Network/virtualNetworks/myVnet/subnets/mySubnet",
            "name": "mySubnet",
            "resource_group_name": "myResourceGroup",
            "service_endpoints": null,
            "timeouts": null,
            "virtual_network_name": "myVnet"
          },
          "private": "eyJlMmJmYjczMC1lY2FhLTExZTYtOGY4OC0zNDM2M2JjN2M0YzAiOnsiY3JlYXRlIjoxODAwMDAwMDAwMDAwLCJkZWxldGUiOjE4MDAwMDAwMDAwMDAsInJlYWQiOjMwMDAwMDAwMDAwMCwidXBkYXRlIjoxODAwMDAwMDAwMDAwfX0=",
          "dependencies": [
            "azurerm_resource_group.myterraformgroup",
            "azurerm_virtual_network.myterraformnetwork"
          ]
        }
      ]
    },
    {
      "mode": "managed",
      "type": "azurerm_virtual_network",
      "name": "myterraformnetwork",
      "provider": "provider[\"registry.terraform.io/hashicorp/azurerm\"]",
      "instances": [
        {
          "schema_version": 0,
          "attributes": {
            "address_space": [
              "10.0.0.0/16"
            ],
            "ddos_protection_plan": [],
            "dns_servers": null,
            "guid": "150e0a74-9bb9-4de0-8955-e4c005f641fd",
            "id": "/subscriptions/82fb23d9-1348-46f9-8c9d-e698c0665a22/resourceGroups/myResourceGroup/providers/Microsoft.Network/virtualNetworks/myVnet",
            "location": "eastus",
            "name": "myVnet",
            "resource_group_name": "myResourceGroup",
            "subnet": [],
            "tags": {
              "environment": "Terraform Demo"
            },
            "timeouts": null
          },
          "private": "eyJlMmJmYjczMC1lY2FhLTExZTYtOGY4OC0zNDM2M2JjN2M0YzAiOnsiY3JlYXRlIjoxODAwMDAwMDAwMDAwLCJkZWxldGUiOjE4MDAwMDAwMDAwMDAsInJlYWQiOjMwMDAwMDAwMDAwMCwidXBkYXRlIjoxODAwMDAwMDAwMDAwfX0=",
          "dependencies": [
            "azurerm_resource_group.myterraformgroup"
          ]
        }
      ]
    },
    {
      "mode": "managed",
      "type": "random_id",
      "name": "randomId",
      "provider": "provider[\"registry.terraform.io/hashicorp/random\"]",
      "instances": [
        {
          "schema_version": 0,
          "attributes": {
            "b64": "hHzvRY1n7j0",
            "b64_std": "hHzvRY1n7j0=",
            "b64_url": "hHzvRY1n7j0",
            "byte_length": 8,
            "dec": "9546768392122789437",
            "hex": "847cef458d67ee3d",
            "id": "hHzvRY1n7j0",
            "keepers": {
              "resource_group": "myResourceGroup"
            },
            "prefix": null
          },
          "private": "bnVsbA==",
          "dependencies": [
            "azurerm_resource_group.myterraformgroup"
          ]
        }
      ]
    },
    {
      "mode": "managed",
      "type": "tls_private_key",
      "name": "example_ssh",
      "provider": "provider[\"registry.terraform.io/hashicorp/tls\"]",
      "instances": [
        {
          "schema_version": 0,
          "attributes": {
            "algorithm": "RSA",
            "ecdsa_curve": "P224",
            "id": "17371f13c5eba19055326a30422f801d6aea5061",
            "private_key_pem": "-----BEGIN RSA PRIVATE KEY-----\nMIIJKgIBAAKCAgEAwvnPZFruxA6ySaLyaYsIPrdyfLiPGoDTsBWIk+AcRe5tJode\npzacxKc7MKsCGC6QxVHTkE/d/k+lXGdwBQmcFRGwv6KZHNJBiW3mrxWGfHJyDeZm\nj2kirKRwkn6anJKoaMemBgSrJgfCnVX+OpfGR4N93ezqygaNo98j1ry8/qcRJQ99\nyr5Xg5DcXQur43wlWTCZvt3nUvjVw8mSIM5j4DMLKK34XOQsooWMbAeyjY1FYLeW\ngfQfl3FsVn+Jd3XO3YVTKcnuyS1q0yxE0cK/LVXh3tgOIG7zJTOFM2LGth+syEhB\nh8F6pcHwmtrhhj1fChXoy8rdFnKyrZ02kJwcvLvT/88Ksqvt1CD6s4a3uV9MGu3u\nZYU8Knptwc6cdZ+Skhjp9ncOODJLw9zgMjYTa0BiUrDPj0Hk+rFoj7oCl7fT4rck\nm5EQDmXhLqnrEpovXTj7TobbcCtChItrkgWVznIz75uNrQLMOO8LqRx4lbCDazy2\n8qP1s3P17FJOMp1wKcVzoW/QvqwrUE61WNHmade2Pnhr9jAOaPE2/zZ4Pb7tOLmh\nQTbSKzR6tF7kLLXGwI3aAosaTIN3FrDd0RT2gf/k4DTu9MNwNwafjGLxriTLXlx+\nIL06AwnHbYhlzGxShsbKpZRKEzWpmyd6eCFkaiuIwcOPCeiVHLvoHHi+6hECAwEA\nAQKCAgASx0yaNcfZSjERtofyclmQ8MouCPh/bPj2dJx64ZLXiWcp1s/e+vuOVSz2\nOwIwogt/daoStB6FZ9ZdV/kKAyrtPI7xZg+pHvcA7XzSUBhr0/n4LMCj/1Q/nHbb\nJSZu/hEKRnBPFBQHzaeIz8d0jTmjmZ59yVuzqX3q0or5G6R4Qk78asmKxVpYaZNP\nwtgDSOmv9WZZY7Xr39t2x+szDa3A4imo+Vh6Wd+Sp5omrXcc+wY7knMEgSapx1rP\n2ei7gLUz0Kt50uEUrzMis5jNOxx+mU7vz49MwGLaqmOh11mcIODbSVpGYPQXEt7B\ni2M9Mpv8tK9/MUKp7tIWtpWSx/Zca/Y9VEP/0c7zMdO1XwsNrhZLfB+aSiZg2agt\ndyxtDt0HlxQW3ESZf1f2bpJsqP2ihihE3CSfYXcVQyTz+XiT2pvT5qBxvyq7q9C3\naKqC/+vS50Id6EkGOkyrqne36zHgpuS9SAtSoSVfOwH08fei2CUrQSjJ2cAF2Omg\nm19B/DPgJ1IGiwK4jZIbMRkxVOaBj60ucekmdrG9DNI8uU9n//sYnsvdb1vYNjUi\nDHoqlI6i7qHgsn/6eAn8j5l+33/4zhMqRpuljsgU2/aLv2HCqYCiDUwB37O/QRCa\nxP9icDUor4Oiek2k1PsFLj7yLDfuiLrNDasvC+p8o0RV41faAQKCAQEA77pf2/nB\nzg9PwCjRbyYqJzx2W50dh1JWDBFzwbfYic8OCS6ZOouGrYjmjdCn5Ri8Igxv4pCu\nLB0YXsAtibFF4JM+LRL8oTnYnCysTMeuqi0I2hwhMvlRcx2YoTtq1NTcOf0r1oKq\npwV6BkUpqX7YMBzDtT7+BiDufA2eTYF0j72pJCsgRXEV2S1JlMYgbSZ0tVuM35Qn\n4ksjuiWPXYx5FiVSg1TSEqFMDBqoVBiNhAMozfQzl3EsH4ac49cm2I+xf/UPo3jV\n6mIja5I+GRCOOzj39xe7LjGI9PFeRmoaBP4hrwU0XprulPlDw/r0zMZZTtSxh5xU\nYZ6sWTgN8jsyiQKCAQEA0DXM8rAV8bYUu2OZTRZlpEUdf1+fM2wkP0Wg0HdsSEuH\nI7MDBYlF9kNw/4hu7E2ahgzCgUnEnCuLmfMLnxlL3w1wM5X8ZcJNiE94kuvCQdIx\n2km3IFZWZFDObHv68g9PTwgyip2Oq0TyKKVnmrLQATYr+in2ddit5MkYR6Tw2oTm\ntKma6w1tHImDg5JTZrQDzwTJpN1OeOhueujRCrhzPo5x+mpv++fipMBm03dM1T5C\nhuwAF6YBPcvzFcjBO3me77cFDxy5hHdg/Oa05wUOlWcaO0x5M06aVRXSrkQTHBIr\nJjJhZQzyjeBGJA+Oju9k3uui3yR8IlFEBoBQZ3U5SQKCAQEAisfmfr6UB+qtTJ1U\nwXfip1xFWLwYQCLWVZ402UzJOt53TbGAW3gyu3upnSfSSrqLD1sL2qnPaxJc7V1r\n/250+ZHESOvY/K00TRU/miNvZm0z1rC6N3xGPtI/bfer3RJte9So8EIs8QwmnEKl\n383i8dd1JRQWkw21gnOP1WbASAaQSLP+trTE5Tlmg44/b3D315Xsc/KdNFAzmqvr\n10hfQQbSQd10z/w4vjkgga7FHkuF79UTmPSXipivcuc3Qd/N7jm8l/J4RHwT7U54\nTKJc9MQCKTW/0voyQzsITNNXxNQqQ9xLeQlQXUYAiRBbb8DUKuLO86b44pqtQ+lD\niZvjoQKCAQEAmkv0eLkDWh/cV04lElqRsl3B0V3UhfATIIyB81s89Ip8OHl1uMmU\n/j3WZJf/08Bizgpwrg0z1aPzjX/u0dWWQ1MbHi99Xw/SEz0Jlp9+UvbpGOJeAmnZ\nFfhIMV7jhjTQSjpB8jV2v/eVGYgSMjNnMC6sAnTMf2K244AfLSDPmLC6o5G5C43k\nmSxTONLcWZT36Zebs0CJ4dIl5ZHZMH+mb+pyDuiH2n9qlzs6OGYFm1XLSV9lZiEQ\ndHJKz475nBCyNuVDq4JW/RLW3jQ+RaGawB8q8lzmyJ3sgzdr7Nbn7nqMXX8ibBdf\nPMLCWADrXYONFiI7je/kyi29IrA+ZZ0aeQKCAQEAnYlX9UXs//MGT+sIBxHRIjC8\nNRhQA+yiWwDXM/BiR5VSYcl6Ysqsdw88Dd7VsF4guc4/q1dVeqfMozU5kZmQG8Wu\ny77TfxpJYSmZoFIjNeEuUXig4vujLiQb664QmvH3JarYCK6ACHIWqD5mXDxKlP3k\nnz5I0FlxvmQcPa8z3wp8cz8SLsyjfkIGRqreKN37+zGWlWxyqgALZgqkCh7KwOrt\nE8pgMLpwFoj3bE1EoucmikVKID/enG6mJPnWcPAUJgAf0kGIip+Oe86s4EveWmw1\nDBT8NAHuw1fYa0aLwrNPSjRBKiPmV5iMibpuh6gLuaCSUoL95S9NJRQaiQQXcQ==\n-----END RSA PRIVATE KEY-----\n",
            "public_key_fingerprint_md5": "3a:42:13:f4:89:38:2a:96:b5:e8:9e:59:8f:a8:17:0d",
            "public_key_openssh": "ssh-rsa AAAAB3NzaC1yc2EAAAADAQABAAACAQDC+c9kWu7EDrJJovJpiwg+t3J8uI8agNOwFYiT4BxF7m0mh16nNpzEpzswqwIYLpDFUdOQT93+T6VcZ3AFCZwVEbC/opkc0kGJbeavFYZ8cnIN5maPaSKspHCSfpqckqhox6YGBKsmB8KdVf46l8ZHg33d7OrKBo2j3yPWvLz+pxElD33KvleDkNxdC6vjfCVZMJm+3edS+NXDyZIgzmPgMwsorfhc5CyihYxsB7KNjUVgt5aB9B+XcWxWf4l3dc7dhVMpye7JLWrTLETRwr8tVeHe2A4gbvMlM4UzYsa2H6zISEGHwXqlwfCa2uGGPV8KFejLyt0WcrKtnTaQnBy8u9P/zwqyq+3UIPqzhre5X0wa7e5lhTwqem3Bzpx1n5KSGOn2dw44MkvD3OAyNhNrQGJSsM+PQeT6sWiPugKXt9PitySbkRAOZeEuqesSmi9dOPtOhttwK0KEi2uSBZXOcjPvm42tAsw47wupHHiVsINrPLbyo/Wzc/XsUk4ynXApxXOhb9C+rCtQTrVY0eZp17Y+eGv2MA5o8Tb/Nng9vu04uaFBNtIrNHq0XuQstcbAjdoCixpMg3cWsN3RFPaB/+TgNO70w3A3Bp+MYvGuJMteXH4gvToDCcdtiGXMbFKGxsqllEoTNambJ3p4IWRqK4jBw48J6JUcu+gceL7qEQ==\n",
            "public_key_pem": "-----BEGIN PUBLIC KEY-----\nMIICIjANBgkqhkiG9w0BAQEFAAOCAg8AMIICCgKCAgEAwvnPZFruxA6ySaLyaYsI\nPrdyfLiPGoDTsBWIk+AcRe5tJodepzacxKc7MKsCGC6QxVHTkE/d/k+lXGdwBQmc\nFRGwv6KZHNJBiW3mrxWGfHJyDeZmj2kirKRwkn6anJKoaMemBgSrJgfCnVX+OpfG\nR4N93ezqygaNo98j1ry8/qcRJQ99yr5Xg5DcXQur43wlWTCZvt3nUvjVw8mSIM5j\n4DMLKK34XOQsooWMbAeyjY1FYLeWgfQfl3FsVn+Jd3XO3YVTKcnuyS1q0yxE0cK/\nLVXh3tgOIG7zJTOFM2LGth+syEhBh8F6pcHwmtrhhj1fChXoy8rdFnKyrZ02kJwc\nvLvT/88Ksqvt1CD6s4a3uV9MGu3uZYU8Knptwc6cdZ+Skhjp9ncOODJLw9zgMjYT\na0BiUrDPj0Hk+rFoj7oCl7fT4rckm5EQDmXhLqnrEpovXTj7TobbcCtChItrkgWV\nznIz75uNrQLMOO8LqRx4lbCDazy28qP1s3P17FJOMp1wKcVzoW/QvqwrUE61WNHm\nade2Pnhr9jAOaPE2/zZ4Pb7tOLmhQTbSKzR6tF7kLLXGwI3aAosaTIN3FrDd0RT2\ngf/k4DTu9MNwNwafjGLxriTLXlx+IL06AwnHbYhlzGxShsbKpZRKEzWpmyd6eCFk\naiuIwcOPCeiVHLvoHHi+6hECAwEAAQ==\n-----END PUBLIC KEY-----\n",
            "rsa_bits": 4096
          },
          "private": "bnVsbA=="
        }
      ]
    }
  ]
}
